
Microsoft Visual Studio Solution File, Format Version 12.00
# Visual Studio 15
VisualStudioVersion = 15.0.27130.2026
MinimumVisualStudioVersion = 10.0.40219.1
Project("{FAE04EC0-301F-11D3-BF4B-00C04F79EFBC}") = "ProfitMiner.Client", "ProfitMiner.Client\ProfitMiner.Client.csproj", "{911E363D-FF6D-44C7-B278-E243AD3D4895}"
EndProject
Project("{FAE04EC0-301F-11D3-BF4B-00C04F79EFBC}") = "ProfitMiner.Core", "ProfitMiner.Core\ProfitMiner.Core.csproj", "{0FD12957-5609-43D1-889A-0E10AC260EB4}"
EndProject
Global
	GlobalSection(SolutionConfigurationPlatforms) = preSolution
		Debug|Any CPU = Debug|Any CPU
		Release|Any CPU = Release|Any CPU
	EndGlobalSection
	GlobalSection(ProjectConfigurationPlatforms) = postSolution
		{911E363D-FF6D-44C7-B278-E243AD3D4895}.Debug|Any CPU.ActiveCfg = Debug|Any CPU
		{911E363D-FF6D-44C7-B278-E243AD3D4895}.Debug|Any CPU.Build.0 = Debug|Any CPU
		{911E363D-FF6D-44C7-B278-E243AD3D4895}.Release|Any CPU.ActiveCfg = Release|Any CPU
		{911E363D-FF6D-44C7-B278-E243AD3D4895}.Release|Any CPU.Build.0 = Release|Any CPU
		{0FD12957-5609-43D1-889A-0E10AC260EB4}.Debug|Any CPU.ActiveCfg = Debug|Any CPU
		{0FD12957-5609-43D1-889A-0E10AC260EB4}.Debug|Any CPU.Build.0 = Debug|Any CPU
		{0FD12957-5609-43D1-889A-0E10AC260EB4}.Release|Any CPU.ActiveCfg = Release|Any CPU
		{0FD12957-5609-43D1-889A-0E10AC260EB4}.Release|Any CPU.Build.0 = Release|Any CPU
	EndGlobalSection
	GlobalSection(SolutionProperties) = preSolution
		HideSolutionNode = FALSE
	EndGlobalSection
	GlobalSection(ExtensibilityGlobals) = postSolution
		SolutionGuid = {CC5F3F5E-70FE-43F8-9716-F8D6F249851D}
	EndGlobalSection
EndGlobal
